{
  "name": "MyUniDemo",
  "version": "1.0.0",
  "lockfileVersion": 2,
  "requires": true,
  "packages": {
    "": {
      "name": "MyUniDemo",
      "version": "1.0.0",
      "license": "ISC",
      "devDependencies": {
        "@dcloudio/types": "^2.6.12",
        "@dcloudio/uni-app-plus": "^2.0.1-35320220729001",
        "@dcloudio/uni-components": "^3.0.0-alpha-3000020210521001",
        "@dcloudio/uni-h5": "^2.0.1-35320220729001",
        "@dcloudio/uni-h5-ui": "^2.0.1-35320220729001",
        "@dcloudio/uni-helper-json": "^1.0.13"
      }
    },
    "node_modules/@dcloudio/types": {
      "version": "2.6.12",
      "resolved": "https://registry.npmjs.org/@dcloudio/types/-/types-2.6.12.tgz",
      "integrity": "sha512-mrCMwcINy1IFjU9VUqLeWBkj404yWs5paLDttBcA+eqUjanuUQbBcTVPqlrGgkyzLXDcV2oDDZRSNxNpXi4kMQ==",
      "dev": true
    },
    "node_modules/@dcloudio/uni-app-plus": {
      "version": "2.0.1-35320220729001",
      "resolved": "https://registry.npmjs.org/@dcloudio/uni-app-plus/-/uni-app-plus-2.0.1-35320220729001.tgz",
      "integrity": "sha512-DcNNpiAfuzB3ozPI99rEYKeTyzdsXD+jcGQB18Inp5rlyHQu/DM3OFG3f/FduEfI0ynZGU4Sy4Tqdqx1E0naIw==",
      "dev": true
    },
    "node_modules/@dcloudio/uni-components": {
      "version": "3.0.0-alpha-3000020210521001",
      "resolved": "https://registry.npmjs.org/@dcloudio/uni-components/-/uni-components-3.0.0-alpha-3000020210521001.tgz",
      "integrity": "sha512-FxCzOPgOqE5V9owpogIZc0UvvfSlrzL77YVoKFWXB6BRJwAzc2bEpzA0+vUA+2V+RajWN6HrK9/czKjsArTS1A==",
      "dev": true
    },
    "node_modules/@dcloudio/uni-h5": {
      "version": "2.0.1-35320220729001",
      "resolved": "https://registry.npmjs.org/@dcloudio/uni-h5/-/uni-h5-2.0.1-35320220729001.tgz",
      "integrity": "sha512-Fe2hPUOLexTjeyRfKRvcyvt8A7AXJRkObGyL8C6kA+vlceDra3AyORYI7MJof5UIY+4EwNMTG2R6rO9Qe2J3Ig==",
      "dev": true,
      "dependencies": {
        "base64-arraybuffer": "^0.2.0",
        "intersection-observer": "^0.7.0",
        "pako": "^1.0.11",
        "safe-area-insets": "^1.4.1"
      }
    },
    "node_modules/@dcloudio/uni-h5-ui": {
      "version": "2.0.1-35320220729001",
      "resolved": "https://registry.npmjs.org/@dcloudio/uni-h5-ui/-/uni-h5-ui-2.0.1-35320220729001.tgz",
      "integrity": "sha512-P7TXmAjfZ1jq0jX75oguHKppGKHAxHLsho3UiwbT2/VnAcVFgOhS+4/LDmJKCuWXFBBR+kfxKB2vdqiSz2Hn+w==",
      "dev": true
    },
    "node_modules/@dcloudio/uni-helper-json": {
      "version": "1.0.13",
      "resolved": "https://registry.npmjs.org/@dcloudio/uni-helper-json/-/uni-helper-json-1.0.13.tgz",
      "integrity": "sha512-FO9Iu4zW4td3Tr+eiCDWuele2ehkJ4qxQ/UhpAMLjso+ZdWz6NagK5Syh6cdy1hoDqbxpNoqnLynuJXe81Ereg==",
      "dev": true
    },
    "node_modules/base64-arraybuffer": {
      "version": "0.2.0",
      "resolved": "https://registry.npmjs.org/base64-arraybuffer/-/base64-arraybuffer-0.2.0.tgz",
      "integrity": "sha512-7emyCsu1/xiBXgQZrscw/8KPRT44I4Yq9Pe6EGs3aPRTsWuggML1/1DTuZUuIaJPIm1FTDUVXl4x/yW8s0kQDQ==",
      "dev": true,
      "engines": {
        "node": ">= 0.6.0"
      }
    },
    "node_modules/intersection-observer": {
      "version": "0.7.0",
      "resolved": "https://registry.npmjs.org/intersection-observer/-/intersection-observer-0.7.0.tgz",
      "integrity": "sha512-Id0Fij0HsB/vKWGeBe9PxeY45ttRiBmhFyyt/geBdDHBYNctMRTE3dC1U3ujzz3lap+hVXlEcVaB56kZP/eEUg==",
      "dev": true
    },
    "node_modules/pako": {
      "version": "1.0.11",
      "resolved": "https://registry.npmjs.org/pako/-/pako-1.0.11.tgz",
      "integrity": "sha512-4hLB8Py4zZce5s4yd9XzopqwVv/yGNhV1Bl8NTmCq1763HeK2+EwVTv+leGeL13Dnh2wfbqowVPXCIO0z4taYw==",
      "dev": true
    },
    "node_modules/safe-area-insets": {
      "version": "1.4.1",
      "resolved": "https://registry.npmjs.org/safe-area-insets/-/safe-area-insets-1.4.1.tgz",
      "integrity": "sha512-r/nRWTjFGhhm3w1Z6Kd/jY11srN+lHt2mNl1E/emQGW8ic7n3Avu4noibklfSM+Y34peNphHD/BSZecav0sXYQ==",
      "dev": true
    }
  },
  "dependencies": {
    "@dcloudio/types": {
      "version": "2.6.12",
      "resolved": "https://registry.npmjs.org/@dcloudio/types/-/types-2.6.12.tgz",
      "integrity": "sha512-mrCMwcINy1IFjU9VUqLeWBkj404yWs5paLDttBcA+eqUjanuUQbBcTVPqlrGgkyzLXDcV2oDDZRSNxNpXi4kMQ==",
      "dev": true
    },
    "@dcloudio/uni-app-plus": {
      "version": "2.0.1-35320220729001",
      "resolved": "https://registry.npmjs.org/@dcloudio/uni-app-plus/-/uni-app-plus-2.0.1-35320220729001.tgz",
      "integrity": "sha512-DcNNpiAfuzB3ozPI99rEYKeTyzdsXD+jcGQB18Inp5rlyHQu/DM3OFG3f/FduEfI0ynZGU4Sy4Tqdqx1E0naIw==",
      "dev": true
    },
    "@dcloudio/uni-components": {
      "version": "3.0.0-alpha-3000020210521001",
      "resolved": "https://registry.npmjs.org/@dcloudio/uni-components/-/uni-components-3.0.0-alpha-3000020210521001.tgz",
      "integrity": "sha512-FxCzOPgOqE5V9owpogIZc0UvvfSlrzL77YVoKFWXB6BRJwAzc2bEpzA0+vUA+2V+RajWN6HrK9/czKjsArTS1A==",
      "dev": true
    },
    "@dcloudio/uni-h5": {
      "version": "2.0.1-35320220729001",
      "resolved": "https://registry.npmjs.org/@dcloudio/uni-h5/-/uni-h5-2.0.1-35320220729001.tgz",
      "integrity": "sha512-Fe2hPUOLexTjeyRfKRvcyvt8A7AXJRkObGyL8C6kA+vlceDra3AyORYI7MJof5UIY+4EwNMTG2R6rO9Qe2J3Ig==",
      "dev": true,
      "requires": {
        "base64-arraybuffer": "^0.2.0",
        "intersection-observer": "^0.7.0",
        "pako": "^1.0.11",
        "safe-area-insets": "^1.4.1"
      }
    },
    "@dcloudio/uni-h5-ui": {
      "version": "2.0.1-35320220729001",
      "resolved": "https://registry.npmjs.org/@dcloudio/uni-h5-ui/-/uni-h5-ui-2.0.1-35320220729001.tgz",
      "integrity": "sha512-P7TXmAjfZ1jq0jX75oguHKppGKHAxHLsho3UiwbT2/VnAcVFgOhS+4/LDmJKCuWXFBBR+kfxKB2vdqiSz2Hn+w==",
      "dev": true
    },
    "@dcloudio/uni-helper-json": {
      "version": "1.0.13",
      "resolved": "https://registry.npmjs.org/@dcloudio/uni-helper-json/-/uni-helper-json-1.0.13.tgz",
      "integrity": "sha512-FO9Iu4zW4td3Tr+eiCDWuele2ehkJ4qxQ/UhpAMLjso+ZdWz6NagK5Syh6cdy1hoDqbxpNoqnLynuJXe81Ereg==",
      "dev": true
    },
    "base64-arraybuffer": {
      "version": "0.2.0",
      "resolved": "https://registry.npmjs.org/base64-arraybuffer/-/base64-arraybuffer-0.2.0.tgz",
      "integrity": "sha512-7emyCsu1/xiBXgQZrscw/8KPRT44I4Yq9Pe6EGs3aPRTsWuggML1/1DTuZUuIaJPIm1FTDUVXl4x/yW8s0kQDQ==",
      "dev": true
    },
    "intersection-observer": {
      "version": "0.7.0",
      "resolved": "https://registry.npmjs.org/intersection-observer/-/intersection-observer-0.7.0.tgz",
      "integrity": "sha512-Id0Fij0HsB/vKWGeBe9PxeY45ttRiBmhFyyt/geBdDHBYNctMRTE3dC1U3ujzz3lap+hVXlEcVaB56kZP/eEUg==",
      "dev": true
    },
    "pako": {
      "version": "1.0.11",
      "resolved": "https://registry.npmjs.org/pako/-/pako-1.0.11.tgz",
      "integrity": "sha512-4hLB8Py4zZce5s4yd9XzopqwVv/yGNhV1Bl8NTmCq1763HeK2+EwVTv+leGeL13Dnh2wfbqowVPXCIO0z4taYw==",
      "dev": true
    },
    "safe-area-insets": {
      "version": "1.4.1",
      "resolved": "https://registry.npmjs.org/safe-area-insets/-/safe-area-insets-1.4.1.tgz",
      "integrity": "sha512-r/nRWTjFGhhm3w1Z6Kd/jY11srN+lHt2mNl1E/emQGW8ic7n3Avu4noibklfSM+Y34peNphHD/BSZecav0sXYQ==",
      "dev": true
    }
  }
}
